
Microsoft Visual Studio Solution File, Format Version 12.00
# Visual Studio Version 17
Project("{8BC9CEB8-8B4A-11D0-8D11-00A0C91BC942}") = "ALL_BUILD", "ALL_BUILD.vcxproj", "{4944AF3B-4004-3E1B-B24B-77626B24FA08}"
	ProjectSection(ProjectDependencies) = postProject
		{4968B265-8BFF-3A56-9102-B29AA9BE5B57} = {4968B265-8BFF-3A56-9102-B29AA9BE5B57}
		{BDD7CC9E-AB5F-3BC9-9334-191E4976B5BD} = {BDD7CC9E-AB5F-3BC9-9334-191E4976B5BD}
		{86A3AB1B-388D-31E1-B290-0109CDDD9416} = {86A3AB1B-388D-31E1-B290-0109CDDD9416}
		{FDC4B585-B4FF-3AE5-BC0D-D4B806B12BC6} = {FDC4B585-B4FF-3AE5-BC0D-D4B806B12BC6}
		{7EA48D52-10FC-3A89-8020-2CC19957372E} = {7EA48D52-10FC-3A89-8020-2CC19957372E}
		{AECC0DA8-D369-3AA6-898D-0F8707B457EE} = {AECC0DA8-D369-3AA6-898D-0F8707B457EE}
		{8CE5FF7C-4EAD-3648-84F9-03A958370B27} = {8CE5FF7C-4EAD-3648-84F9-03A958370B27}
	EndProjectSection
EndProject
Project("{8BC9CEB8-8B4A-11D0-8D11-00A0C91BC942}") = "INSTALL", "INSTALL.vcxproj", "{8EE49624-64D3-347F-A264-935C5B65C0BA}"
	ProjectSection(ProjectDependencies) = postProject
		{4944AF3B-4004-3E1B-B24B-77626B24FA08} = {4944AF3B-4004-3E1B-B24B-77626B24FA08}
		{4968B265-8BFF-3A56-9102-B29AA9BE5B57} = {4968B265-8BFF-3A56-9102-B29AA9BE5B57}
	EndProjectSection
EndProject
Project("{8BC9CEB8-8B4A-11D0-8D11-00A0C91BC942}") = "ZERO_CHECK", "ZERO_CHECK.vcxproj", "{4968B265-8BFF-3A56-9102-B29AA9BE5B57}"
	ProjectSection(ProjectDependencies) = postProject
	EndProjectSection
EndProject
Project("{8BC9CEB8-8B4A-11D0-8D11-00A0C91BC942}") = "dina_dev_test", "gbe.dev\tests\dina_dev_test.vcxproj", "{BDD7CC9E-AB5F-3BC9-9334-191E4976B5BD}"
	ProjectSection(ProjectDependencies) = postProject
		{4968B265-8BFF-3A56-9102-B29AA9BE5B57} = {4968B265-8BFF-3A56-9102-B29AA9BE5B57}
		{AECC0DA8-D369-3AA6-898D-0F8707B457EE} = {AECC0DA8-D369-3AA6-898D-0F8707B457EE}
	EndProjectSection
EndProject
Project("{8BC9CEB8-8B4A-11D0-8D11-00A0C91BC942}") = "dina_utility_test", "gbe.utility\tests\dina_utility_test.vcxproj", "{86A3AB1B-388D-31E1-B290-0109CDDD9416}"
	ProjectSection(ProjectDependencies) = postProject
		{4968B265-8BFF-3A56-9102-B29AA9BE5B57} = {4968B265-8BFF-3A56-9102-B29AA9BE5B57}
		{AECC0DA8-D369-3AA6-898D-0F8707B457EE} = {AECC0DA8-D369-3AA6-898D-0F8707B457EE}
	EndProjectSection
EndProject
Project("{8BC9CEB8-8B4A-11D0-8D11-00A0C91BC942}") = "gmock", "googletest\googlemock\gmock.vcxproj", "{FDC4B585-B4FF-3AE5-BC0D-D4B806B12BC6}"
	ProjectSection(ProjectDependencies) = postProject
		{4968B265-8BFF-3A56-9102-B29AA9BE5B57} = {4968B265-8BFF-3A56-9102-B29AA9BE5B57}
	EndProjectSection
EndProject
Project("{8BC9CEB8-8B4A-11D0-8D11-00A0C91BC942}") = "gmock_main", "googletest\googlemock\gmock_main.vcxproj", "{7EA48D52-10FC-3A89-8020-2CC19957372E}"
	ProjectSection(ProjectDependencies) = postProject
		{4968B265-8BFF-3A56-9102-B29AA9BE5B57} = {4968B265-8BFF-3A56-9102-B29AA9BE5B57}
	EndProjectSection
EndProject
Project("{8BC9CEB8-8B4A-11D0-8D11-00A0C91BC942}") = "gtest", "googletest\googletest\gtest.vcxproj", "{AECC0DA8-D369-3AA6-898D-0F8707B457EE}"
	ProjectSection(ProjectDependencies) = postProject
		{4968B265-8BFF-3A56-9102-B29AA9BE5B57} = {4968B265-8BFF-3A56-9102-B29AA9BE5B57}
	EndProjectSection
EndProject
Project("{8BC9CEB8-8B4A-11D0-8D11-00A0C91BC942}") = "gtest_main", "googletest\googletest\gtest_main.vcxproj", "{8CE5FF7C-4EAD-3648-84F9-03A958370B27}"
	ProjectSection(ProjectDependencies) = postProject
		{4968B265-8BFF-3A56-9102-B29AA9BE5B57} = {4968B265-8BFF-3A56-9102-B29AA9BE5B57}
		{AECC0DA8-D369-3AA6-898D-0F8707B457EE} = {AECC0DA8-D369-3AA6-898D-0F8707B457EE}
	EndProjectSection
EndProject
Global
	GlobalSection(SolutionConfigurationPlatforms) = preSolution
		Debug|x64 = Debug|x64
		Release|x64 = Release|x64
		MinSizeRel|x64 = MinSizeRel|x64
		RelWithDebInfo|x64 = RelWithDebInfo|x64
	EndGlobalSection
	GlobalSection(ProjectConfigurationPlatforms) = postSolution
		{4944AF3B-4004-3E1B-B24B-77626B24FA08}.Debug|x64.ActiveCfg = Debug|x64
		{4944AF3B-4004-3E1B-B24B-77626B24FA08}.Debug|x64.Build.0 = Debug|x64
		{4944AF3B-4004-3E1B-B24B-77626B24FA08}.Release|x64.ActiveCfg = Release|x64
		{4944AF3B-4004-3E1B-B24B-77626B24FA08}.Release|x64.Build.0 = Release|x64
		{4944AF3B-4004-3E1B-B24B-77626B24FA08}.MinSizeRel|x64.ActiveCfg = MinSizeRel|x64
		{4944AF3B-4004-3E1B-B24B-77626B24FA08}.MinSizeRel|x64.Build.0 = MinSizeRel|x64
		{4944AF3B-4004-3E1B-B24B-77626B24FA08}.RelWithDebInfo|x64.ActiveCfg = RelWithDebInfo|x64
		{4944AF3B-4004-3E1B-B24B-77626B24FA08}.RelWithDebInfo|x64.Build.0 = RelWithDebInfo|x64
		{8EE49624-64D3-347F-A264-935C5B65C0BA}.Debug|x64.ActiveCfg = Debug|x64
		{8EE49624-64D3-347F-A264-935C5B65C0BA}.Release|x64.ActiveCfg = Release|x64
		{8EE49624-64D3-347F-A264-935C5B65C0BA}.MinSizeRel|x64.ActiveCfg = MinSizeRel|x64
		{8EE49624-64D3-347F-A264-935C5B65C0BA}.RelWithDebInfo|x64.ActiveCfg = RelWithDebInfo|x64
		{4968B265-8BFF-3A56-9102-B29AA9BE5B57}.Debug|x64.ActiveCfg = Debug|x64
		{4968B265-8BFF-3A56-9102-B29AA9BE5B57}.Debug|x64.Build.0 = Debug|x64
		{4968B265-8BFF-3A56-9102-B29AA9BE5B57}.Release|x64.ActiveCfg = Release|x64
		{4968B265-8BFF-3A56-9102-B29AA9BE5B57}.Release|x64.Build.0 = Release|x64
		{4968B265-8BFF-3A56-9102-B29AA9BE5B57}.MinSizeRel|x64.ActiveCfg = MinSizeRel|x64
		{4968B265-8BFF-3A56-9102-B29AA9BE5B57}.MinSizeRel|x64.Build.0 = MinSizeRel|x64
		{4968B265-8BFF-3A56-9102-B29AA9BE5B57}.RelWithDebInfo|x64.ActiveCfg = RelWithDebInfo|x64
		{4968B265-8BFF-3A56-9102-B29AA9BE5B57}.RelWithDebInfo|x64.Build.0 = RelWithDebInfo|x64
		{BDD7CC9E-AB5F-3BC9-9334-191E4976B5BD}.Debug|x64.ActiveCfg = Debug|x64
		{BDD7CC9E-AB5F-3BC9-9334-191E4976B5BD}.Debug|x64.Build.0 = Debug|x64
		{BDD7CC9E-AB5F-3BC9-9334-191E4976B5BD}.Release|x64.ActiveCfg = Release|x64
		{BDD7CC9E-AB5F-3BC9-9334-191E4976B5BD}.Release|x64.Build.0 = Release|x64
		{BDD7CC9E-AB5F-3BC9-9334-191E4976B5BD}.MinSizeRel|x64.ActiveCfg = MinSizeRel|x64
		{BDD7CC9E-AB5F-3BC9-9334-191E4976B5BD}.MinSizeRel|x64.Build.0 = MinSizeRel|x64
		{BDD7CC9E-AB5F-3BC9-9334-191E4976B5BD}.RelWithDebInfo|x64.ActiveCfg = RelWithDebInfo|x64
		{BDD7CC9E-AB5F-3BC9-9334-191E4976B5BD}.RelWithDebInfo|x64.Build.0 = RelWithDebInfo|x64
		{86A3AB1B-388D-31E1-B290-0109CDDD9416}.Debug|x64.ActiveCfg = Debug|x64
		{86A3AB1B-388D-31E1-B290-0109CDDD9416}.Debug|x64.Build.0 = Debug|x64
		{86A3AB1B-388D-31E1-B290-0109CDDD9416}.Release|x64.ActiveCfg = Release|x64
		{86A3AB1B-388D-31E1-B290-0109CDDD9416}.Release|x64.Build.0 = Release|x64
		{86A3AB1B-388D-31E1-B290-0109CDDD9416}.MinSizeRel|x64.ActiveCfg = MinSizeRel|x64
		{86A3AB1B-388D-31E1-B290-0109CDDD9416}.MinSizeRel|x64.Build.0 = MinSizeRel|x64
		{86A3AB1B-388D-31E1-B290-0109CDDD9416}.RelWithDebInfo|x64.ActiveCfg = RelWithDebInfo|x64
		{86A3AB1B-388D-31E1-B290-0109CDDD9416}.RelWithDebInfo|x64.Build.0 = RelWithDebInfo|x64
		{FDC4B585-B4FF-3AE5-BC0D-D4B806B12BC6}.Debug|x64.ActiveCfg = Debug|x64
		{FDC4B585-B4FF-3AE5-BC0D-D4B806B12BC6}.Debug|x64.Build.0 = Debug|x64
		{FDC4B585-B4FF-3AE5-BC0D-D4B806B12BC6}.Release|x64.ActiveCfg = Release|x64
		{FDC4B585-B4FF-3AE5-BC0D-D4B806B12BC6}.Release|x64.Build.0 = Release|x64
		{FDC4B585-B4FF-3AE5-BC0D-D4B806B12BC6}.MinSizeRel|x64.ActiveCfg = MinSizeRel|x64
		{FDC4B585-B4FF-3AE5-BC0D-D4B806B12BC6}.MinSizeRel|x64.Build.0 = MinSizeRel|x64
		{FDC4B585-B4FF-3AE5-BC0D-D4B806B12BC6}.RelWithDebInfo|x64.ActiveCfg = RelWithDebInfo|x64
		{FDC4B585-B4FF-3AE5-BC0D-D4B806B12BC6}.RelWithDebInfo|x64.Build.0 = RelWithDebInfo|x64
		{7EA48D52-10FC-3A89-8020-2CC19957372E}.Debug|x64.ActiveCfg = Debug|x64
		{7EA48D52-10FC-3A89-8020-2CC19957372E}.Debug|x64.Build.0 = Debug|x64
		{7EA48D52-10FC-3A89-8020-2CC19957372E}.Release|x64.ActiveCfg = Release|x64
		{7EA48D52-10FC-3A89-8020-2CC19957372E}.Release|x64.Build.0 = Release|x64
		{7EA48D52-10FC-3A89-8020-2CC19957372E}.MinSizeRel|x64.ActiveCfg = MinSizeRel|x64
		{7EA48D52-10FC-3A89-8020-2CC19957372E}.MinSizeRel|x64.Build.0 = MinSizeRel|x64
		{7EA48D52-10FC-3A89-8020-2CC19957372E}.RelWithDebInfo|x64.ActiveCfg = RelWithDebInfo|x64
		{7EA48D52-10FC-3A89-8020-2CC19957372E}.RelWithDebInfo|x64.Build.0 = RelWithDebInfo|x64
		{AECC0DA8-D369-3AA6-898D-0F8707B457EE}.Debug|x64.ActiveCfg = Debug|x64
		{AECC0DA8-D369-3AA6-898D-0F8707B457EE}.Debug|x64.Build.0 = Debug|x64
		{AECC0DA8-D369-3AA6-898D-0F8707B457EE}.Release|x64.ActiveCfg = Release|x64
		{AECC0DA8-D369-3AA6-898D-0F8707B457EE}.Release|x64.Build.0 = Release|x64
		{AECC0DA8-D369-3AA6-898D-0F8707B457EE}.MinSizeRel|x64.ActiveCfg = MinSizeRel|x64
		{AECC0DA8-D369-3AA6-898D-0F8707B457EE}.MinSizeRel|x64.Build.0 = MinSizeRel|x64
		{AECC0DA8-D369-3AA6-898D-0F8707B457EE}.RelWithDebInfo|x64.ActiveCfg = RelWithDebInfo|x64
		{AECC0DA8-D369-3AA6-898D-0F8707B457EE}.RelWithDebInfo|x64.Build.0 = RelWithDebInfo|x64
		{8CE5FF7C-4EAD-3648-84F9-03A958370B27}.Debug|x64.ActiveCfg = Debug|x64
		{8CE5FF7C-4EAD-3648-84F9-03A958370B27}.Debug|x64.Build.0 = Debug|x64
		{8CE5FF7C-4EAD-3648-84F9-03A958370B27}.Release|x64.ActiveCfg = Release|x64
		{8CE5FF7C-4EAD-3648-84F9-03A958370B27}.Release|x64.Build.0 = Release|x64
		{8CE5FF7C-4EAD-3648-84F9-03A958370B27}.MinSizeRel|x64.ActiveCfg = MinSizeRel|x64
		{8CE5FF7C-4EAD-3648-84F9-03A958370B27}.MinSizeRel|x64.Build.0 = MinSizeRel|x64
		{8CE5FF7C-4EAD-3648-84F9-03A958370B27}.RelWithDebInfo|x64.ActiveCfg = RelWithDebInfo|x64
		{8CE5FF7C-4EAD-3648-84F9-03A958370B27}.RelWithDebInfo|x64.Build.0 = RelWithDebInfo|x64
	EndGlobalSection
	GlobalSection(ExtensibilityGlobals) = postSolution
		SolutionGuid = {A7AF2804-6FC1-3454-B887-02F35172730E}
	EndGlobalSection
	GlobalSection(ExtensibilityAddIns) = postSolution
	EndGlobalSection
EndGlobal
