<?xml version="1.0" encoding="utf-8"?>
<Project ToolsVersion="17.0" xmlns="http://schemas.microsoft.com/developer/msbuild/2003">
  <ItemGroup>
    <CustomBuild Include="C:\USER\GitHub\gitreinrom\Dina\Units_Tests\CMakeFiles\faeb047a026f22da81d12872868d227b\INSTALL_force.rule">
      <Filter>CMake Rules</Filter>
    </CustomBuild>
  </ItemGroup>
  <ItemGroup>
    <Filter Include="CMake Rules">
      <UniqueIdentifier>{0817D9FE-AAEF-3DBE-BCE9-835E071CD85C}</UniqueIdentifier>
    </Filter>
  </ItemGroup>
</Project>
