<?xml version="1.0" encoding="utf-8"?>
<Project ToolsVersion="17.0" xmlns="http://schemas.microsoft.com/developer/msbuild/2003">
  <ItemGroup>
    <CustomBuild Include="C:\USER\GitHub\gitreinrom\Dina\Units_Tests\gbe.utility\tests\CMakeFiles\91e3ae532a5c3ec8743e7dd493d71601\generate.stamp.rule">
      <Filter>CMake Rules</Filter>
    </CustomBuild>
  </ItemGroup>
  <ItemGroup>
    <Filter Include="CMake Rules">
      <UniqueIdentifier>{721D6FDC-B7D2-3962-AB45-F3BB1EB5F66C}</UniqueIdentifier>
    </Filter>
  </ItemGroup>
</Project>
